{
  "pins" : [
    {
      "identity" : "rtlsdrwrapper",
      "kind" : "remoteSourceControl",
      "location" : "https://github.com/ConnorGibbons/RTLSDRWrapper",
      "state" : {
        "revision" : "9dd86782273d5a8dcd48afb7cc41c85a897b6d7a"
      }
    },
    {
      "identity" : "signaltools",
      "kind" : "remoteSourceControl",
      "location" : "https://github.com/ConnorGibbons/SignalTools",
      "state" : {
        "revision" : "70c15c5e659b009fb2c3276e6a72b1e31295ea1e"
      }
    },
    {
      "identity" : "tcputils",
      "kind" : "remoteSourceControl",
      "location" : "https://github.com/ConnorGibbons/TCPUtils",
      "state" : {
        "revision" : "81b6fbdc3c2fc2d9653e47045bf56d3a4c6903ce",
        "version" : "1.0.3"
      }
    }
  ],
  "version" : 2
}
