{
  "pins" : [
    {
      "identity" : "rtlsdrwrapper",
      "kind" : "remoteSourceControl",
      "location" : "https://github.com/ConnorGibbons/RTLSDRWrapper",
      "state" : {
        "revision" : "83351c3bacd030da475f95f3225e52eb7a4cf864",
        "version" : "1.0.1"
      }
    },
    {
      "identity" : "signaltools",
      "kind" : "remoteSourceControl",
      "location" : "https://github.com/ConnorGibbons/SignalTools",
      "state" : {
        "revision" : "70c15c5e659b009fb2c3276e6a72b1e31295ea1e"
      }
    }
  ],
  "version" : 2
}
